// !$*UTF8*$!
{
	archiveVersion = 1;
	classes = {
	};
	objectVersion = 48;
	objects = {

/* Begin PBXBuildFile section */
		8847E0C7206027AA00C9816E /* test.c in Sources */ = {isa = PBXBuildFile; fileRef = 8847E0C6206027AA00C9816E /* test.c */; };
		88B0B5EF204D09C900BE9A54 /* graphics.c in Sources */ = {isa = PBXBuildFile; fileRef = 88B0B5ED204D09C900BE9A54 /* graphics.c */; settings = {COMPILER_FLAGS = "-x objective-c -fno-objc-arc"; }; };
		88B0B5F1204D132D00BE9A54 /* Cocoa.framework in Frameworks */ = {isa = PBXBuildFile; fileRef = 88B0B5F0204D132D00BE9A54 /* Cocoa.framework */; };
		88B0B5F3204D133100BE9A54 /* OpenGL.framework in Frameworks */ = {isa = PBXBuildFile; fileRef = 88B0B5F2204D133100BE9A54 /* OpenGL.framework */; };
/* End PBXBuildFile section */

/* Begin PBXCopyFilesBuildPhase section */
		88D03B7B203A1CC400FB8EE4 /* CopyFiles */ = {
			isa = PBXCopyFilesBuildPhase;
			buildActionMask = 2147483647;
			dstPath = /usr/share/man/man1/;
			dstSubfolderSpec = 0;
			files = (
			);
			runOnlyForDeploymentPostprocessing = 1;
		};
/* End PBXCopyFilesBuildPhase section */

/* Begin PBXFileReference section */
		8847E0C6206027AA00C9816E /* test.c */ = {isa = PBXFileReference; fileEncoding = 4; lastKnownFileType = sourcecode.c.c; name = test.c; path = ../../tests/test.c; sourceTree = "<group>"; };
		88B0B5ED204D09C900BE9A54 /* graphics.c */ = {isa = PBXFileReference; fileEncoding = 4; lastKnownFileType = sourcecode.c.c; name = graphics.c; path = ../../graphics.c; sourceTree = "<group>"; };
		88B0B5EE204D09C900BE9A54 /* graphics.h */ = {isa = PBXFileReference; fileEncoding = 4; lastKnownFileType = sourcecode.c.h; name = graphics.h; path = ../../graphics.h; sourceTree = "<group>"; };
		88B0B5F0204D132D00BE9A54 /* Cocoa.framework */ = {isa = PBXFileReference; lastKnownFileType = wrapper.framework; name = Cocoa.framework; path = System/Library/Frameworks/Cocoa.framework; sourceTree = SDKROOT; };
		88B0B5F2204D133100BE9A54 /* OpenGL.framework */ = {isa = PBXFileReference; lastKnownFileType = wrapper.framework; name = OpenGL.framework; path = System/Library/Frameworks/OpenGL.framework; sourceTree = SDKROOT; };
		88D03B7D203A1CC400FB8EE4 /* graphics_osx_test */ = {isa = PBXFileReference; explicitFileType = "compiled.mach-o.executable"; includeInIndex = 0; path = graphics_osx_test; sourceTree = BUILT_PRODUCTS_DIR; };
		88DC86A920D2EE37000A762E /* README.md */ = {isa = PBXFileReference; fileEncoding = 4; lastKnownFileType = net.daringfireball.markdown; name = README.md; path = ../../README.md; sourceTree = "<group>"; };
/* End PBXFileReference section */

/* Begin PBXFrameworksBuildPhase section */
		88D03B7A203A1CC400FB8EE4 /* Frameworks */ = {
			isa = PBXFrameworksBuildPhase;
			buildActionMask = 2147483647;
			files = (
				88B0B5F3204D133100BE9A54 /* OpenGL.framework in Frameworks */,
				88B0B5F1204D132D00BE9A54 /* Cocoa.framework in Frameworks */,
			);
			runOnlyForDeploymentPostprocessing = 0;
		};
/* End PBXFrameworksBuildPhase section */

/* Begin PBXGroup section */
		88D03B74203A1CC400FB8EE4 = {
			isa = PBXGroup;
			children = (
				88D03B87203A1CD900FB8EE4 /* test */,
				88D03B7E203A1CC400FB8EE4 /* Products */,
				88D03B8A203A1CE900FB8EE4 /* Frameworks */,
			);
			sourceTree = "<group>";
		};
		88D03B7E203A1CC400FB8EE4 /* Products */ = {
			isa = PBXGroup;
			children = (
				88D03B7D203A1CC400FB8EE4 /* graphics_osx_test */,
			);
			name = Products;
			sourceTree = "<group>";
		};
		88D03B87203A1CD900FB8EE4 /* test */ = {
			isa = PBXGroup;
			children = (
				88DC86A920D2EE37000A762E /* README.md */,
				8847E0C6206027AA00C9816E /* test.c */,
				88B0B5ED204D09C900BE9A54 /* graphics.c */,
				88B0B5EE204D09C900BE9A54 /* graphics.h */,
			);
			name = test;
			sourceTree = "<group>";
		};
		88D03B8A203A1CE900FB8EE4 /* Frameworks */ = {
			isa = PBXGroup;
			children = (
				88B0B5F2204D133100BE9A54 /* OpenGL.framework */,
				88B0B5F0204D132D00BE9A54 /* Cocoa.framework */,
			);
			name = Frameworks;
			sourceTree = "<group>";
		};
/* End PBXGroup section */

/* Begin PBXNativeTarget section */
		88D03B7C203A1CC400FB8EE4 /* graphics_osx_test */ = {
			isa = PBXNativeTarget;
			buildConfigurationList = 88D03B84203A1CC400FB8EE4 /* Build configuration list for PBXNativeTarget "graphics_osx_test" */;
			buildPhases = (
				88D03B79203A1CC400FB8EE4 /* Sources */,
				88D03B7A203A1CC400FB8EE4 /* Frameworks */,
				88D03B7B203A1CC400FB8EE4 /* CopyFiles */,
			);
			buildRules = (
			);
			dependencies = (
			);
			name = graphics_osx_test;
			productName = graphics_osx_test;
			productReference = 88D03B7D203A1CC400FB8EE4 /* graphics_osx_test */;
			productType = "com.apple.product-type.tool";
		};
/* End PBXNativeTarget section */

/* Begin PBXProject section */
		88D03B75203A1CC400FB8EE4 /* Project object */ = {
			isa = PBXProject;
			attributes = {
				LastUpgradeCheck = 0920;
				ORGANIZATIONNAME = "Rory B. Bellows";
				TargetAttributes = {
					88D03B7C203A1CC400FB8EE4 = {
						CreatedOnToolsVersion = 9.2;
						ProvisioningStyle = Automatic;
					};
				};
			};
			buildConfigurationList = 88D03B78203A1CC400FB8EE4 /* Build configuration list for PBXProject "graphics_osx_test" */;
			compatibilityVersion = "Xcode 8.0";
			developmentRegion = en;
			hasScannedForEncodings = 0;
			knownRegions = (
				en,
			);
			mainGroup = 88D03B74203A1CC400FB8EE4;
			productRefGroup = 88D03B7E203A1CC400FB8EE4 /* Products */;
			projectDirPath = "";
			projectRoot = "";
			targets = (
				88D03B7C203A1CC400FB8EE4 /* graphics_osx_test */,
			);
		};
/* End PBXProject section */

/* Begin PBXSourcesBuildPhase section */
		88D03B79203A1CC400FB8EE4 /* Sources */ = {
			isa = PBXSourcesBuildPhase;
			buildActionMask = 2147483647;
			files = (
				88B0B5EF204D09C900BE9A54 /* graphics.c in Sources */,
				8847E0C7206027AA00C9816E /* test.c in Sources */,
			);
			runOnlyForDeploymentPostprocessing = 0;
		};
/* End PBXSourcesBuildPhase section */

/* Begin XCBuildConfiguration section */
		88D03B82203A1CC400FB8EE4 /* Debug */ = {
			isa = XCBuildConfiguration;
			buildSettings = {
				ALWAYS_SEARCH_USER_PATHS = NO;
				CLANG_ANALYZER_NONNULL = YES;
				CLANG_ANALYZER_NUMBER_OBJECT_CONVERSION = YES_AGGRESSIVE;
				CLANG_CXX_LANGUAGE_STANDARD = "gnu++14";
				CLANG_CXX_LIBRARY = "libc++";
				CLANG_ENABLE_MODULES = YES;
				CLANG_ENABLE_OBJC_ARC = YES;
				CLANG_WARN_BLOCK_CAPTURE_AUTORELEASING = YES;
				CLANG_WARN_BOOL_CONVERSION = YES;
				CLANG_WARN_COMMA = YES;
				CLANG_WARN_CONSTANT_CONVERSION = YES;
				CLANG_WARN_DIRECT_OBJC_ISA_USAGE = YES_ERROR;
				CLANG_WARN_DOCUMENTATION_COMMENTS = YES;
				CLANG_WARN_EMPTY_BODY = YES;
				CLANG_WARN_ENUM_CONVERSION = YES;
				CLANG_WARN_INFINITE_RECURSION = YES;
				CLANG_WARN_INT_CONVERSION = YES;
				CLANG_WARN_NON_LITERAL_NULL_CONVERSION = YES;
				CLANG_WARN_OBJC_LITERAL_CONVERSION = YES;
				CLANG_WARN_OBJC_ROOT_CLASS = YES_ERROR;
				CLANG_WARN_RANGE_LOOP_ANALYSIS = YES;
				CLANG_WARN_STRICT_PROTOTYPES = YES;
				CLANG_WARN_SUSPICIOUS_MOVE = YES;
				CLANG_WARN_UNGUARDED_AVAILABILITY = YES_AGGRESSIVE;
				CLANG_WARN_UNREACHABLE_CODE = YES;
				CLANG_WARN__DUPLICATE_METHOD_MATCH = YES;
				CODE_SIGN_IDENTITY = "-";
				COPY_PHASE_STRIP = NO;
				DEBUG_INFORMATION_FORMAT = dwarf;
				ENABLE_STRICT_OBJC_MSGSEND = YES;
				ENABLE_TESTABILITY = YES;
				GCC_C_LANGUAGE_STANDARD = c99;
				GCC_DYNAMIC_NO_PIC = NO;
				GCC_NO_COMMON_BLOCKS = YES;
				GCC_OPTIMIZATION_LEVEL = s;
				GCC_PREPROCESSOR_DEFINITIONS = (
					"DEBUG=1",
					"$(inherited)",
				);
				GCC_WARN_64_TO_32_BIT_CONVERSION = YES;
				GCC_WARN_ABOUT_RETURN_TYPE = YES_ERROR;
				GCC_WARN_PEDANTIC = YES;
				GCC_WARN_UNDECLARED_SELECTOR = YES;
				GCC_WARN_UNINITIALIZED_AUTOS = YES_AGGRESSIVE;
				GCC_WARN_UNUSED_FUNCTION = YES;
				GCC_WARN_UNUSED_VARIABLE = YES;
				MACOSX_DEPLOYMENT_TARGET = 10.13;
				MTL_ENABLE_DEBUG_INFO = YES;
				ONLY_ACTIVE_ARCH = YES;
				OTHER_CFLAGS = (
					"-Wall",
					"-Weverything",
				);
				SDKROOT = macosx;
			};
			name = Debug;
		};
		88D03B83203A1CC400FB8EE4 /* Release */ = {
			isa = XCBuildConfiguration;
			buildSettings = {
				ALWAYS_SEARCH_USER_PATHS = NO;
				CLANG_ANALYZER_NONNULL = YES;
				CLANG_ANALYZER_NUMBER_OBJECT_CONVERSION = YES_AGGRESSIVE;
				CLANG_CXX_LANGUAGE_STANDARD = "gnu++14";
				CLANG_CXX_LIBRARY = "libc++";
				CLANG_ENABLE_MODULES = YES;
				CLANG_ENABLE_OBJC_ARC = YES;
				CLANG_WARN_BLOCK_CAPTURE_AUTORELEASING = YES;
				CLANG_WARN_BOOL_CONVERSION = YES;
				CLANG_WARN_COMMA = YES;
				CLANG_WARN_CONSTANT_CONVERSION = YES;
				CLANG_WARN_DIRECT_OBJC_ISA_USAGE = YES_ERROR;
				CLANG_WARN_DOCUMENTATION_COMMENTS = YES;
				CLANG_WARN_EMPTY_BODY = YES;
				CLANG_WARN_ENUM_CONVERSION = YES;
				CLANG_WARN_INFINITE_RECURSION = YES;
				CLANG_WARN_INT_CONVERSION = YES;
				CLANG_WARN_NON_LITERAL_NULL_CONVERSION = YES;
				CLANG_WARN_OBJC_LITERAL_CONVERSION = YES;
				CLANG_WARN_OBJC_ROOT_CLASS = YES_ERROR;
				CLANG_WARN_RANGE_LOOP_ANALYSIS = YES;
				CLANG_WARN_STRICT_PROTOTYPES = YES;
				CLANG_WARN_SUSPICIOUS_MOVE = YES;
				CLANG_WARN_UNGUARDED_AVAILABILITY = YES_AGGRESSIVE;
				CLANG_WARN_UNREACHABLE_CODE = YES;
				CLANG_WARN__DUPLICATE_METHOD_MATCH = YES;
				CODE_SIGN_IDENTITY = "-";
				COPY_PHASE_STRIP = NO;
				DEBUG_INFORMATION_FORMAT = "dwarf-with-dsym";
				ENABLE_NS_ASSERTIONS = NO;
				ENABLE_STRICT_OBJC_MSGSEND = YES;
				GCC_C_LANGUAGE_STANDARD = c99;
				GCC_NO_COMMON_BLOCKS = YES;
				GCC_WARN_64_TO_32_BIT_CONVERSION = YES;
				GCC_WARN_ABOUT_RETURN_TYPE = YES_ERROR;
				GCC_WARN_PEDANTIC = YES;
				GCC_WARN_UNDECLARED_SELECTOR = YES;
				GCC_WARN_UNINITIALIZED_AUTOS = YES_AGGRESSIVE;
				GCC_WARN_UNUSED_FUNCTION = YES;
				GCC_WARN_UNUSED_VARIABLE = YES;
				MACOSX_DEPLOYMENT_TARGET = 10.13;
				MTL_ENABLE_DEBUG_INFO = NO;
				OTHER_CFLAGS = (
					"-Wall",
					"-Weverything",
				);
				SDKROOT = macosx;
			};
			name = Release;
		};
		88D03B85203A1CC400FB8EE4 /* Debug */ = {
			isa = XCBuildConfiguration;
			buildSettings = {
				CODE_SIGN_STYLE = Automatic;
				GCC_C_LANGUAGE_STANDARD = c99;
				GCC_OPTIMIZATION_LEVEL = 0;
				GCC_PREPROCESSOR_DEFINITIONS = (
					GRAPHICS_EXTRA_COLOURS,
					GRAPHICS_EXTRA_FONTS,
					GRAPHICS_ENABLE_AA,
					GRAPHICS_OPENGL_BACKENDa,
				);
				PRODUCT_NAME = "$(TARGET_NAME)";
			};
			name = Debug;
		};
		88D03B86203A1CC400FB8EE4 /* Release */ = {
			isa = XCBuildConfiguration;
			buildSettings = {
				CODE_SIGN_STYLE = Automatic;
				GCC_C_LANGUAGE_STANDARD = c99;
				GCC_OPTIMIZATION_LEVEL = 0;
				GCC_PREPROCESSOR_DEFINITIONS = (
					GRAPHICS_EXTRA_COLOURS,
					GRAPHICS_EXTRA_FONTS,
					GRAPHICS_ENABLE_AA,
					GRAPHICS_OPENGL_BACKENDa,
				);
				PRODUCT_NAME = "$(TARGET_NAME)";
			};
			name = Release;
		};
/* End XCBuildConfiguration section */

/* Begin XCConfigurationList section */
		88D03B78203A1CC400FB8EE4 /* Build configuration list for PBXProject "graphics_osx_test" */ = {
			isa = XCConfigurationList;
			buildConfigurations = (
				88D03B82203A1CC400FB8EE4 /* Debug */,
				88D03B83203A1CC400FB8EE4 /* Release */,
			);
			defaultConfigurationIsVisible = 0;
			defaultConfigurationName = Release;
		};
		88D03B84203A1CC400FB8EE4 /* Build configuration list for PBXNativeTarget "graphics_osx_test" */ = {
			isa = XCConfigurationList;
			buildConfigurations = (
				88D03B85203A1CC400FB8EE4 /* Debug */,
				88D03B86203A1CC400FB8EE4 /* Release */,
			);
			defaultConfigurationIsVisible = 0;
			defaultConfigurationName = Release;
		};
/* End XCConfigurationList section */
	};
	rootObject = 88D03B75203A1CC400FB8EE4 /* Project object */;
}
