// !$*UTF8*$!
{
	archiveVersion = 1;
	classes = {
	};
	objectVersion = 48;
	objects = {

/* Begin PBXBuildFile section */
		8890E3BA2044F35F00A5B834 /* Foundation.framework in Frameworks */ = {isa = PBXBuildFile; fileRef = 8890E3B82044F35F00A5B834 /* Foundation.framework */; };
		88B0B5EC204AACD600BE9A54 /* graphics.c in Sources */ = {isa = PBXBuildFile; fileRef = 88B0B5EA204AACD600BE9A54 /* graphics.c */; settings = {COMPILER_FLAGS = "-x objective-c -fno-objc-arc"; }; };
		88D03B9A203A4CDD00FB8EE4 /* main.m in Sources */ = {isa = PBXBuildFile; fileRef = 88D03B99203A4CDD00FB8EE4 /* main.m */; settings = {COMPILER_FLAGS = "-x objective-c -fno-objc-arc"; }; };
		88DF0784203A4E9E005D113F /* OpenGL.framework in Frameworks */ = {isa = PBXBuildFile; fileRef = 88DF0783203A4E9E005D113F /* OpenGL.framework */; };
		88DF078B203A4F6E005D113F /* glad.c in Sources */ = {isa = PBXBuildFile; fileRef = 88DF0789203A4F6E005D113F /* glad.c */; };
		88DF078E203A52B5005D113F /* linalgb.c in Sources */ = {isa = PBXBuildFile; fileRef = 88DF078D203A52B5005D113F /* linalgb.c */; };
/* End PBXBuildFile section */

/* Begin PBXCopyFilesBuildPhase section */
		88D03B94203A4CDD00FB8EE4 /* CopyFiles */ = {
			isa = PBXCopyFilesBuildPhase;
			buildActionMask = 2147483647;
			dstPath = /usr/share/man/man1/;
			dstSubfolderSpec = 0;
			files = (
			);
			runOnlyForDeploymentPostprocessing = 1;
		};
/* End PBXCopyFilesBuildPhase section */

/* Begin PBXFileReference section */
		8890E3B82044F35F00A5B834 /* Foundation.framework */ = {isa = PBXFileReference; lastKnownFileType = wrapper.framework; name = Foundation.framework; path = System/Library/Frameworks/Foundation.framework; sourceTree = SDKROOT; };
		88B0B5EA204AACD600BE9A54 /* graphics.c */ = {isa = PBXFileReference; fileEncoding = 4; lastKnownFileType = sourcecode.c.c; path = graphics.c; sourceTree = "<group>"; };
		88B0B5EB204AACD600BE9A54 /* graphics.h */ = {isa = PBXFileReference; fileEncoding = 4; lastKnownFileType = sourcecode.c.h; path = graphics.h; sourceTree = "<group>"; };
		88D03B96203A4CDD00FB8EE4 /* graphics_osx_gl_test */ = {isa = PBXFileReference; explicitFileType = "compiled.mach-o.executable"; includeInIndex = 0; path = graphics_osx_gl_test; sourceTree = BUILT_PRODUCTS_DIR; };
		88D03B99203A4CDD00FB8EE4 /* main.m */ = {isa = PBXFileReference; lastKnownFileType = sourcecode.c.objc; path = main.m; sourceTree = "<group>"; };
		88DF0782203A4E91005D113F /* libgraphics_osx_lib.a */ = {isa = PBXFileReference; explicitFileType = archive.ar; path = libgraphics_osx_lib.a; sourceTree = BUILT_PRODUCTS_DIR; };
		88DF0783203A4E9E005D113F /* OpenGL.framework */ = {isa = PBXFileReference; lastKnownFileType = wrapper.framework; name = OpenGL.framework; path = System/Library/Frameworks/OpenGL.framework; sourceTree = SDKROOT; };
		88DF0788203A4F6E005D113F /* glad.h */ = {isa = PBXFileReference; fileEncoding = 4; lastKnownFileType = sourcecode.c.h; path = glad.h; sourceTree = "<group>"; };
		88DF0789203A4F6E005D113F /* glad.c */ = {isa = PBXFileReference; fileEncoding = 4; lastKnownFileType = sourcecode.c.c; path = glad.c; sourceTree = "<group>"; };
		88DF078A203A4F6E005D113F /* khrplatform.h */ = {isa = PBXFileReference; fileEncoding = 4; lastKnownFileType = sourcecode.c.h; path = khrplatform.h; sourceTree = "<group>"; };
		88DF078C203A52B5005D113F /* linalgb.h */ = {isa = PBXFileReference; fileEncoding = 4; lastKnownFileType = sourcecode.c.h; path = linalgb.h; sourceTree = "<group>"; };
		88DF078D203A52B5005D113F /* linalgb.c */ = {isa = PBXFileReference; fileEncoding = 4; lastKnownFileType = sourcecode.c.c; path = linalgb.c; sourceTree = "<group>"; };
/* End PBXFileReference section */

/* Begin PBXFrameworksBuildPhase section */
		88D03B93203A4CDD00FB8EE4 /* Frameworks */ = {
			isa = PBXFrameworksBuildPhase;
			buildActionMask = 2147483647;
			files = (
				8890E3BA2044F35F00A5B834 /* Foundation.framework in Frameworks */,
				88DF0784203A4E9E005D113F /* OpenGL.framework in Frameworks */,
			);
			runOnlyForDeploymentPostprocessing = 0;
		};
/* End PBXFrameworksBuildPhase section */

/* Begin PBXGroup section */
		88D03B8D203A4CDD00FB8EE4 = {
			isa = PBXGroup;
			children = (
				88DF0787203A4F6E005D113F /* 3rdparty */,
				88D03B98203A4CDD00FB8EE4 /* graphics_osx_gl_test */,
				88D03B97203A4CDD00FB8EE4 /* Products */,
				88DF0780203A4E91005D113F /* Frameworks */,
			);
			sourceTree = "<group>";
		};
		88D03B97203A4CDD00FB8EE4 /* Products */ = {
			isa = PBXGroup;
			children = (
				88D03B96203A4CDD00FB8EE4 /* graphics_osx_gl_test */,
			);
			name = Products;
			sourceTree = "<group>";
		};
		88D03B98203A4CDD00FB8EE4 /* graphics_osx_gl_test */ = {
			isa = PBXGroup;
			children = (
				88B0B5EA204AACD600BE9A54 /* graphics.c */,
				88B0B5EB204AACD600BE9A54 /* graphics.h */,
				88D03B99203A4CDD00FB8EE4 /* main.m */,
			);
			path = graphics_osx_gl_test;
			sourceTree = "<group>";
		};
		88DF0780203A4E91005D113F /* Frameworks */ = {
			isa = PBXGroup;
			children = (
				8890E3B82044F35F00A5B834 /* Foundation.framework */,
				88DF0783203A4E9E005D113F /* OpenGL.framework */,
				88DF0782203A4E91005D113F /* libgraphics_osx_lib.a */,
			);
			name = Frameworks;
			sourceTree = "<group>";
		};
		88DF0787203A4F6E005D113F /* 3rdparty */ = {
			isa = PBXGroup;
			children = (
				88DF078D203A52B5005D113F /* linalgb.c */,
				88DF078C203A52B5005D113F /* linalgb.h */,
				88DF0788203A4F6E005D113F /* glad.h */,
				88DF0789203A4F6E005D113F /* glad.c */,
				88DF078A203A4F6E005D113F /* khrplatform.h */,
			);
			name = 3rdparty;
			path = graphics_osx_gl_test/3rdparty;
			sourceTree = "<group>";
		};
/* End PBXGroup section */

/* Begin PBXNativeTarget section */
		88D03B95203A4CDD00FB8EE4 /* graphics_osx_gl_test */ = {
			isa = PBXNativeTarget;
			buildConfigurationList = 88D03B9D203A4CDD00FB8EE4 /* Build configuration list for PBXNativeTarget "graphics_osx_gl_test" */;
			buildPhases = (
				88D03B92203A4CDD00FB8EE4 /* Sources */,
				88D03B93203A4CDD00FB8EE4 /* Frameworks */,
				88D03B94203A4CDD00FB8EE4 /* CopyFiles */,
			);
			buildRules = (
			);
			dependencies = (
			);
			name = graphics_osx_gl_test;
			productName = graphics_osx_gl_test;
			productReference = 88D03B96203A4CDD00FB8EE4 /* graphics_osx_gl_test */;
			productType = "com.apple.product-type.tool";
		};
/* End PBXNativeTarget section */

/* Begin PBXProject section */
		88D03B8E203A4CDD00FB8EE4 /* Project object */ = {
			isa = PBXProject;
			attributes = {
				LastUpgradeCheck = 0920;
				ORGANIZATIONNAME = "Rory B. Bellows";
				TargetAttributes = {
					88D03B95203A4CDD00FB8EE4 = {
						CreatedOnToolsVersion = 9.2;
						ProvisioningStyle = Automatic;
					};
				};
			};
			buildConfigurationList = 88D03B91203A4CDD00FB8EE4 /* Build configuration list for PBXProject "graphics_osx_gl_test" */;
			compatibilityVersion = "Xcode 8.0";
			developmentRegion = en;
			hasScannedForEncodings = 0;
			knownRegions = (
				en,
			);
			mainGroup = 88D03B8D203A4CDD00FB8EE4;
			productRefGroup = 88D03B97203A4CDD00FB8EE4 /* Products */;
			projectDirPath = "";
			projectRoot = "";
			targets = (
				88D03B95203A4CDD00FB8EE4 /* graphics_osx_gl_test */,
			);
		};
/* End PBXProject section */

/* Begin PBXSourcesBuildPhase section */
		88D03B92203A4CDD00FB8EE4 /* Sources */ = {
			isa = PBXSourcesBuildPhase;
			buildActionMask = 2147483647;
			files = (
				88B0B5EC204AACD600BE9A54 /* graphics.c in Sources */,
				88D03B9A203A4CDD00FB8EE4 /* main.m in Sources */,
				88DF078B203A4F6E005D113F /* glad.c in Sources */,
				88DF078E203A52B5005D113F /* linalgb.c in Sources */,
			);
			runOnlyForDeploymentPostprocessing = 0;
		};
/* End PBXSourcesBuildPhase section */

/* Begin XCBuildConfiguration section */
		88D03B9B203A4CDD00FB8EE4 /* Debug */ = {
			isa = XCBuildConfiguration;
			buildSettings = {
				ALWAYS_SEARCH_USER_PATHS = NO;
				CLANG_ANALYZER_NONNULL = YES;
				CLANG_ANALYZER_NUMBER_OBJECT_CONVERSION = YES_AGGRESSIVE;
				CLANG_CXX_LANGUAGE_STANDARD = "gnu++14";
				CLANG_CXX_LIBRARY = "libc++";
				CLANG_ENABLE_MODULES = YES;
				CLANG_ENABLE_OBJC_ARC = YES;
				CLANG_WARN_BLOCK_CAPTURE_AUTORELEASING = YES;
				CLANG_WARN_BOOL_CONVERSION = YES;
				CLANG_WARN_COMMA = YES;
				CLANG_WARN_CONSTANT_CONVERSION = YES;
				CLANG_WARN_DIRECT_OBJC_ISA_USAGE = YES_ERROR;
				CLANG_WARN_DOCUMENTATION_COMMENTS = YES;
				CLANG_WARN_EMPTY_BODY = YES;
				CLANG_WARN_ENUM_CONVERSION = YES;
				CLANG_WARN_INFINITE_RECURSION = YES;
				CLANG_WARN_INT_CONVERSION = YES;
				CLANG_WARN_NON_LITERAL_NULL_CONVERSION = YES;
				CLANG_WARN_OBJC_LITERAL_CONVERSION = YES;
				CLANG_WARN_OBJC_ROOT_CLASS = YES_ERROR;
				CLANG_WARN_RANGE_LOOP_ANALYSIS = YES;
				CLANG_WARN_STRICT_PROTOTYPES = YES;
				CLANG_WARN_SUSPICIOUS_MOVE = YES;
				CLANG_WARN_UNGUARDED_AVAILABILITY = YES_AGGRESSIVE;
				CLANG_WARN_UNREACHABLE_CODE = YES;
				CLANG_WARN__DUPLICATE_METHOD_MATCH = YES;
				CODE_SIGN_IDENTITY = "-";
				COPY_PHASE_STRIP = NO;
				DEBUG_INFORMATION_FORMAT = dwarf;
				ENABLE_STRICT_OBJC_MSGSEND = YES;
				ENABLE_TESTABILITY = YES;
				GCC_C_LANGUAGE_STANDARD = gnu11;
				GCC_DYNAMIC_NO_PIC = NO;
				GCC_NO_COMMON_BLOCKS = YES;
				GCC_OPTIMIZATION_LEVEL = 0;
				GCC_PREPROCESSOR_DEFINITIONS = (
					"DEBUG=1",
					"$(inherited)",
				);
				GCC_WARN_64_TO_32_BIT_CONVERSION = YES;
				GCC_WARN_ABOUT_RETURN_TYPE = YES_ERROR;
				GCC_WARN_UNDECLARED_SELECTOR = YES;
				GCC_WARN_UNINITIALIZED_AUTOS = YES_AGGRESSIVE;
				GCC_WARN_UNUSED_FUNCTION = YES;
				GCC_WARN_UNUSED_VARIABLE = YES;
				MACOSX_DEPLOYMENT_TARGET = 10.13;
				MTL_ENABLE_DEBUG_INFO = YES;
				ONLY_ACTIVE_ARCH = YES;
				SDKROOT = macosx;
			};
			name = Debug;
		};
		88D03B9C203A4CDD00FB8EE4 /* Release */ = {
			isa = XCBuildConfiguration;
			buildSettings = {
				ALWAYS_SEARCH_USER_PATHS = NO;
				CLANG_ANALYZER_NONNULL = YES;
				CLANG_ANALYZER_NUMBER_OBJECT_CONVERSION = YES_AGGRESSIVE;
				CLANG_CXX_LANGUAGE_STANDARD = "gnu++14";
				CLANG_CXX_LIBRARY = "libc++";
				CLANG_ENABLE_MODULES = YES;
				CLANG_ENABLE_OBJC_ARC = YES;
				CLANG_WARN_BLOCK_CAPTURE_AUTORELEASING = YES;
				CLANG_WARN_BOOL_CONVERSION = YES;
				CLANG_WARN_COMMA = YES;
				CLANG_WARN_CONSTANT_CONVERSION = YES;
				CLANG_WARN_DIRECT_OBJC_ISA_USAGE = YES_ERROR;
				CLANG_WARN_DOCUMENTATION_COMMENTS = YES;
				CLANG_WARN_EMPTY_BODY = YES;
				CLANG_WARN_ENUM_CONVERSION = YES;
				CLANG_WARN_INFINITE_RECURSION = YES;
				CLANG_WARN_INT_CONVERSION = YES;
				CLANG_WARN_NON_LITERAL_NULL_CONVERSION = YES;
				CLANG_WARN_OBJC_LITERAL_CONVERSION = YES;
				CLANG_WARN_OBJC_ROOT_CLASS = YES_ERROR;
				CLANG_WARN_RANGE_LOOP_ANALYSIS = YES;
				CLANG_WARN_STRICT_PROTOTYPES = YES;
				CLANG_WARN_SUSPICIOUS_MOVE = YES;
				CLANG_WARN_UNGUARDED_AVAILABILITY = YES_AGGRESSIVE;
				CLANG_WARN_UNREACHABLE_CODE = YES;
				CLANG_WARN__DUPLICATE_METHOD_MATCH = YES;
				CODE_SIGN_IDENTITY = "-";
				COPY_PHASE_STRIP = NO;
				DEBUG_INFORMATION_FORMAT = "dwarf-with-dsym";
				ENABLE_NS_ASSERTIONS = NO;
				ENABLE_STRICT_OBJC_MSGSEND = YES;
				GCC_C_LANGUAGE_STANDARD = gnu11;
				GCC_NO_COMMON_BLOCKS = YES;
				GCC_WARN_64_TO_32_BIT_CONVERSION = YES;
				GCC_WARN_ABOUT_RETURN_TYPE = YES_ERROR;
				GCC_WARN_UNDECLARED_SELECTOR = YES;
				GCC_WARN_UNINITIALIZED_AUTOS = YES_AGGRESSIVE;
				GCC_WARN_UNUSED_FUNCTION = YES;
				GCC_WARN_UNUSED_VARIABLE = YES;
				MACOSX_DEPLOYMENT_TARGET = 10.13;
				MTL_ENABLE_DEBUG_INFO = NO;
				SDKROOT = macosx;
			};
			name = Release;
		};
		88D03B9E203A4CDD00FB8EE4 /* Debug */ = {
			isa = XCBuildConfiguration;
			buildSettings = {
				CODE_SIGN_STYLE = Automatic;
				HEADER_SEARCH_PATHS = /usr/local/include;
				LIBRARY_SEARCH_PATHS = (
					"$(inherited)",
					/usr/local/Cellar/sdl2/2.0.7/lib,
				);
				PRODUCT_NAME = "$(TARGET_NAME)";
			};
			name = Debug;
		};
		88D03B9F203A4CDD00FB8EE4 /* Release */ = {
			isa = XCBuildConfiguration;
			buildSettings = {
				CODE_SIGN_STYLE = Automatic;
				HEADER_SEARCH_PATHS = /usr/local/include;
				LIBRARY_SEARCH_PATHS = (
					"$(inherited)",
					/usr/local/Cellar/sdl2/2.0.7/lib,
				);
				PRODUCT_NAME = "$(TARGET_NAME)";
			};
			name = Release;
		};
/* End XCBuildConfiguration section */

/* Begin XCConfigurationList section */
		88D03B91203A4CDD00FB8EE4 /* Build configuration list for PBXProject "graphics_osx_gl_test" */ = {
			isa = XCConfigurationList;
			buildConfigurations = (
				88D03B9B203A4CDD00FB8EE4 /* Debug */,
				88D03B9C203A4CDD00FB8EE4 /* Release */,
			);
			defaultConfigurationIsVisible = 0;
			defaultConfigurationName = Release;
		};
		88D03B9D203A4CDD00FB8EE4 /* Build configuration list for PBXNativeTarget "graphics_osx_gl_test" */ = {
			isa = XCConfigurationList;
			buildConfigurations = (
				88D03B9E203A4CDD00FB8EE4 /* Debug */,
				88D03B9F203A4CDD00FB8EE4 /* Release */,
			);
			defaultConfigurationIsVisible = 0;
			defaultConfigurationName = Release;
		};
/* End XCConfigurationList section */
	};
	rootObject = 88D03B8E203A4CDD00FB8EE4 /* Project object */;
}
