// !$*UTF8*$!
{
	archiveVersion = 1;
	classes = {
	};
	objectVersion = 48;
	objects = {

/* Begin PBXBuildFile section */
		88DF079F203A86A5005D113F /* main.c in Sources */ = {isa = PBXBuildFile; fileRef = 88DF079E203A86A5005D113F /* main.c */; };
		88DF07A7203A8876005D113F /* my_basic.c in Sources */ = {isa = PBXBuildFile; fileRef = 88DF07A5203A8876005D113F /* my_basic.c */; };
		88DF07A9203A887A005D113F /* libgraphics_osx_lib.a in Frameworks */ = {isa = PBXBuildFile; fileRef = 88DF07AA203A887A005D113F /* libgraphics_osx_lib.a */; };
/* End PBXBuildFile section */

/* Begin PBXCopyFilesBuildPhase section */
		88DF0799203A86A5005D113F /* CopyFiles */ = {
			isa = PBXCopyFilesBuildPhase;
			buildActionMask = 2147483647;
			dstPath = /usr/share/man/man1/;
			dstSubfolderSpec = 0;
			files = (
			);
			runOnlyForDeploymentPostprocessing = 1;
		};
/* End PBXCopyFilesBuildPhase section */

/* Begin PBXFileReference section */
		88DF079B203A86A5005D113F /* graphics_osx_mb_test */ = {isa = PBXFileReference; explicitFileType = "compiled.mach-o.executable"; includeInIndex = 0; path = graphics_osx_mb_test; sourceTree = BUILT_PRODUCTS_DIR; };
		88DF079E203A86A5005D113F /* main.c */ = {isa = PBXFileReference; lastKnownFileType = sourcecode.c.c; path = main.c; sourceTree = "<group>"; };
		88DF07A5203A8876005D113F /* my_basic.c */ = {isa = PBXFileReference; fileEncoding = 4; lastKnownFileType = sourcecode.c.c; path = my_basic.c; sourceTree = "<group>"; };
		88DF07A6203A8876005D113F /* my_basic.h */ = {isa = PBXFileReference; fileEncoding = 4; lastKnownFileType = sourcecode.c.h; path = my_basic.h; sourceTree = "<group>"; };
		88DF07AA203A887A005D113F /* libgraphics_osx_lib.a */ = {isa = PBXFileReference; explicitFileType = archive.ar; path = libgraphics_osx_lib.a; sourceTree = BUILT_PRODUCTS_DIR; };
/* End PBXFileReference section */

/* Begin PBXFrameworksBuildPhase section */
		88DF0798203A86A5005D113F /* Frameworks */ = {
			isa = PBXFrameworksBuildPhase;
			buildActionMask = 2147483647;
			files = (
				88DF07A9203A887A005D113F /* libgraphics_osx_lib.a in Frameworks */,
			);
			runOnlyForDeploymentPostprocessing = 0;
		};
/* End PBXFrameworksBuildPhase section */

/* Begin PBXGroup section */
		88DF0792203A86A5005D113F = {
			isa = PBXGroup;
			children = (
				88DF079D203A86A5005D113F /* graphics_osx_mb_test */,
				88DF079C203A86A5005D113F /* Products */,
				88DF07A8203A887A005D113F /* Frameworks */,
			);
			sourceTree = "<group>";
		};
		88DF079C203A86A5005D113F /* Products */ = {
			isa = PBXGroup;
			children = (
				88DF079B203A86A5005D113F /* graphics_osx_mb_test */,
			);
			name = Products;
			sourceTree = "<group>";
		};
		88DF079D203A86A5005D113F /* graphics_osx_mb_test */ = {
			isa = PBXGroup;
			children = (
				88DF07A5203A8876005D113F /* my_basic.c */,
				88DF07A6203A8876005D113F /* my_basic.h */,
				88DF079E203A86A5005D113F /* main.c */,
			);
			path = graphics_osx_mb_test;
			sourceTree = "<group>";
		};
		88DF07A8203A887A005D113F /* Frameworks */ = {
			isa = PBXGroup;
			children = (
				88DF07AA203A887A005D113F /* libgraphics_osx_lib.a */,
			);
			name = Frameworks;
			sourceTree = "<group>";
		};
/* End PBXGroup section */

/* Begin PBXNativeTarget section */
		88DF079A203A86A5005D113F /* graphics_osx_mb_test */ = {
			isa = PBXNativeTarget;
			buildConfigurationList = 88DF07A2203A86A5005D113F /* Build configuration list for PBXNativeTarget "graphics_osx_mb_test" */;
			buildPhases = (
				88DF0797203A86A5005D113F /* Sources */,
				88DF0798203A86A5005D113F /* Frameworks */,
				88DF0799203A86A5005D113F /* CopyFiles */,
			);
			buildRules = (
			);
			dependencies = (
			);
			name = graphics_osx_mb_test;
			productName = graphics_osx_mb_test;
			productReference = 88DF079B203A86A5005D113F /* graphics_osx_mb_test */;
			productType = "com.apple.product-type.tool";
		};
/* End PBXNativeTarget section */

/* Begin PBXProject section */
		88DF0793203A86A5005D113F /* Project object */ = {
			isa = PBXProject;
			attributes = {
				LastUpgradeCheck = 0920;
				ORGANIZATIONNAME = "Rory B. Bellows";
				TargetAttributes = {
					88DF079A203A86A5005D113F = {
						CreatedOnToolsVersion = 9.2;
						ProvisioningStyle = Automatic;
					};
				};
			};
			buildConfigurationList = 88DF0796203A86A5005D113F /* Build configuration list for PBXProject "graphics_osx_mb_test" */;
			compatibilityVersion = "Xcode 8.0";
			developmentRegion = en;
			hasScannedForEncodings = 0;
			knownRegions = (
				en,
			);
			mainGroup = 88DF0792203A86A5005D113F;
			productRefGroup = 88DF079C203A86A5005D113F /* Products */;
			projectDirPath = "";
			projectRoot = "";
			targets = (
				88DF079A203A86A5005D113F /* graphics_osx_mb_test */,
			);
		};
/* End PBXProject section */

/* Begin PBXSourcesBuildPhase section */
		88DF0797203A86A5005D113F /* Sources */ = {
			isa = PBXSourcesBuildPhase;
			buildActionMask = 2147483647;
			files = (
				88DF07A7203A8876005D113F /* my_basic.c in Sources */,
				88DF079F203A86A5005D113F /* main.c in Sources */,
			);
			runOnlyForDeploymentPostprocessing = 0;
		};
/* End PBXSourcesBuildPhase section */

/* Begin XCBuildConfiguration section */
		88DF07A0203A86A5005D113F /* Debug */ = {
			isa = XCBuildConfiguration;
			buildSettings = {
				ALWAYS_SEARCH_USER_PATHS = NO;
				CLANG_ANALYZER_NONNULL = YES;
				CLANG_ANALYZER_NUMBER_OBJECT_CONVERSION = YES_AGGRESSIVE;
				CLANG_CXX_LANGUAGE_STANDARD = "gnu++14";
				CLANG_CXX_LIBRARY = "libc++";
				CLANG_ENABLE_MODULES = YES;
				CLANG_ENABLE_OBJC_ARC = YES;
				CLANG_WARN_BLOCK_CAPTURE_AUTORELEASING = YES;
				CLANG_WARN_BOOL_CONVERSION = YES;
				CLANG_WARN_COMMA = YES;
				CLANG_WARN_CONSTANT_CONVERSION = YES;
				CLANG_WARN_DIRECT_OBJC_ISA_USAGE = YES_ERROR;
				CLANG_WARN_DOCUMENTATION_COMMENTS = YES;
				CLANG_WARN_EMPTY_BODY = YES;
				CLANG_WARN_ENUM_CONVERSION = YES;
				CLANG_WARN_INFINITE_RECURSION = YES;
				CLANG_WARN_INT_CONVERSION = YES;
				CLANG_WARN_NON_LITERAL_NULL_CONVERSION = YES;
				CLANG_WARN_OBJC_LITERAL_CONVERSION = YES;
				CLANG_WARN_OBJC_ROOT_CLASS = YES_ERROR;
				CLANG_WARN_RANGE_LOOP_ANALYSIS = YES;
				CLANG_WARN_STRICT_PROTOTYPES = YES;
				CLANG_WARN_SUSPICIOUS_MOVE = YES;
				CLANG_WARN_UNGUARDED_AVAILABILITY = YES_AGGRESSIVE;
				CLANG_WARN_UNREACHABLE_CODE = YES;
				CLANG_WARN__DUPLICATE_METHOD_MATCH = YES;
				CODE_SIGN_IDENTITY = "-";
				COPY_PHASE_STRIP = NO;
				DEBUG_INFORMATION_FORMAT = dwarf;
				ENABLE_STRICT_OBJC_MSGSEND = YES;
				ENABLE_TESTABILITY = YES;
				GCC_C_LANGUAGE_STANDARD = gnu11;
				GCC_DYNAMIC_NO_PIC = NO;
				GCC_NO_COMMON_BLOCKS = YES;
				GCC_OPTIMIZATION_LEVEL = 0;
				GCC_PREPROCESSOR_DEFINITIONS = (
					"DEBUG=1",
					"$(inherited)",
				);
				GCC_WARN_64_TO_32_BIT_CONVERSION = YES;
				GCC_WARN_ABOUT_RETURN_TYPE = YES_ERROR;
				GCC_WARN_UNDECLARED_SELECTOR = YES;
				GCC_WARN_UNINITIALIZED_AUTOS = YES_AGGRESSIVE;
				GCC_WARN_UNUSED_FUNCTION = YES;
				GCC_WARN_UNUSED_VARIABLE = YES;
				MACOSX_DEPLOYMENT_TARGET = 10.13;
				MTL_ENABLE_DEBUG_INFO = YES;
				ONLY_ACTIVE_ARCH = YES;
				SDKROOT = macosx;
			};
			name = Debug;
		};
		88DF07A1203A86A5005D113F /* Release */ = {
			isa = XCBuildConfiguration;
			buildSettings = {
				ALWAYS_SEARCH_USER_PATHS = NO;
				CLANG_ANALYZER_NONNULL = YES;
				CLANG_ANALYZER_NUMBER_OBJECT_CONVERSION = YES_AGGRESSIVE;
				CLANG_CXX_LANGUAGE_STANDARD = "gnu++14";
				CLANG_CXX_LIBRARY = "libc++";
				CLANG_ENABLE_MODULES = YES;
				CLANG_ENABLE_OBJC_ARC = YES;
				CLANG_WARN_BLOCK_CAPTURE_AUTORELEASING = YES;
				CLANG_WARN_BOOL_CONVERSION = YES;
				CLANG_WARN_COMMA = YES;
				CLANG_WARN_CONSTANT_CONVERSION = YES;
				CLANG_WARN_DIRECT_OBJC_ISA_USAGE = YES_ERROR;
				CLANG_WARN_DOCUMENTATION_COMMENTS = YES;
				CLANG_WARN_EMPTY_BODY = YES;
				CLANG_WARN_ENUM_CONVERSION = YES;
				CLANG_WARN_INFINITE_RECURSION = YES;
				CLANG_WARN_INT_CONVERSION = YES;
				CLANG_WARN_NON_LITERAL_NULL_CONVERSION = YES;
				CLANG_WARN_OBJC_LITERAL_CONVERSION = YES;
				CLANG_WARN_OBJC_ROOT_CLASS = YES_ERROR;
				CLANG_WARN_RANGE_LOOP_ANALYSIS = YES;
				CLANG_WARN_STRICT_PROTOTYPES = YES;
				CLANG_WARN_SUSPICIOUS_MOVE = YES;
				CLANG_WARN_UNGUARDED_AVAILABILITY = YES_AGGRESSIVE;
				CLANG_WARN_UNREACHABLE_CODE = YES;
				CLANG_WARN__DUPLICATE_METHOD_MATCH = YES;
				CODE_SIGN_IDENTITY = "-";
				COPY_PHASE_STRIP = NO;
				DEBUG_INFORMATION_FORMAT = "dwarf-with-dsym";
				ENABLE_NS_ASSERTIONS = NO;
				ENABLE_STRICT_OBJC_MSGSEND = YES;
				GCC_C_LANGUAGE_STANDARD = gnu11;
				GCC_NO_COMMON_BLOCKS = YES;
				GCC_WARN_64_TO_32_BIT_CONVERSION = YES;
				GCC_WARN_ABOUT_RETURN_TYPE = YES_ERROR;
				GCC_WARN_UNDECLARED_SELECTOR = YES;
				GCC_WARN_UNINITIALIZED_AUTOS = YES_AGGRESSIVE;
				GCC_WARN_UNUSED_FUNCTION = YES;
				GCC_WARN_UNUSED_VARIABLE = YES;
				MACOSX_DEPLOYMENT_TARGET = 10.13;
				MTL_ENABLE_DEBUG_INFO = NO;
				SDKROOT = macosx;
			};
			name = Release;
		};
		88DF07A3203A86A5005D113F /* Debug */ = {
			isa = XCBuildConfiguration;
			buildSettings = {
				CODE_SIGN_STYLE = Automatic;
				PRODUCT_NAME = "$(TARGET_NAME)";
			};
			name = Debug;
		};
		88DF07A4203A86A5005D113F /* Release */ = {
			isa = XCBuildConfiguration;
			buildSettings = {
				CODE_SIGN_STYLE = Automatic;
				PRODUCT_NAME = "$(TARGET_NAME)";
			};
			name = Release;
		};
/* End XCBuildConfiguration section */

/* Begin XCConfigurationList section */
		88DF0796203A86A5005D113F /* Build configuration list for PBXProject "graphics_osx_mb_test" */ = {
			isa = XCConfigurationList;
			buildConfigurations = (
				88DF07A0203A86A5005D113F /* Debug */,
				88DF07A1203A86A5005D113F /* Release */,
			);
			defaultConfigurationIsVisible = 0;
			defaultConfigurationName = Release;
		};
		88DF07A2203A86A5005D113F /* Build configuration list for PBXNativeTarget "graphics_osx_mb_test" */ = {
			isa = XCConfigurationList;
			buildConfigurations = (
				88DF07A3203A86A5005D113F /* Debug */,
				88DF07A4203A86A5005D113F /* Release */,
			);
			defaultConfigurationIsVisible = 0;
			defaultConfigurationName = Release;
		};
/* End XCConfigurationList section */
	};
	rootObject = 88DF0793203A86A5005D113F /* Project object */;
}
