// !$*UTF8*$!
{
	archiveVersion = 1;
	classes = {
	};
	objectVersion = 50;
	objects = {

/* Begin PBXBuildFile section */
		88C4963120E7A51A004A6FAF /* threads.c in Sources */ = {isa = PBXBuildFile; fileRef = 88C4963020E7A51A004A6FAF /* threads.c */; };
		88CC7A1C210E3D7500392B08 /* graphics.c in Sources */ = {isa = PBXBuildFile; fileRef = 88CC7A1A210E3D7400392B08 /* graphics.c */; settings = {COMPILER_FLAGS = "-x objective-c -fno-objc-arc"; }; };
		88EB7D1320DCE471006E91FD /* main.c in Sources */ = {isa = PBXBuildFile; fileRef = 88EB7D1220DCE471006E91FD /* main.c */; };
		88EB7D7220DF76A8006E91FD /* heap.c in Sources */ = {isa = PBXBuildFile; fileRef = 88EB7D7120DF76A8006E91FD /* heap.c */; };
		88EB7D7820DF9A90006E91FD /* dungeon.c in Sources */ = {isa = PBXBuildFile; fileRef = 88EB7D7720DF9A90006E91FD /* dungeon.c */; };
/* End PBXBuildFile section */

/* Begin PBXCopyFilesBuildPhase section */
		88EB7D0D20DCE471006E91FD /* CopyFiles */ = {
			isa = PBXCopyFilesBuildPhase;
			buildActionMask = 2147483647;
			dstPath = /usr/share/man/man1/;
			dstSubfolderSpec = 0;
			files = (
			);
			runOnlyForDeploymentPostprocessing = 1;
		};
/* End PBXCopyFilesBuildPhase section */

/* Begin PBXFileReference section */
		88C4962F20E7A50D004A6FAF /* threads.h */ = {isa = PBXFileReference; fileEncoding = 4; lastKnownFileType = sourcecode.c.h; path = threads.h; sourceTree = "<group>"; };
		88C4963020E7A51A004A6FAF /* threads.c */ = {isa = PBXFileReference; lastKnownFileType = sourcecode.c.c; path = threads.c; sourceTree = "<group>"; };
		88CC7A1A210E3D7400392B08 /* graphics.c */ = {isa = PBXFileReference; fileEncoding = 4; lastKnownFileType = sourcecode.c.c; name = graphics.c; path = ../../../graphics.c; sourceTree = "<group>"; };
		88CC7A1B210E3D7400392B08 /* graphics.h */ = {isa = PBXFileReference; fileEncoding = 4; lastKnownFileType = sourcecode.c.h; name = graphics.h; path = ../../../graphics.h; sourceTree = "<group>"; };
		88EB7D0F20DCE471006E91FD /* roguelike */ = {isa = PBXFileReference; explicitFileType = "compiled.mach-o.executable"; includeInIndex = 0; path = roguelike; sourceTree = BUILT_PRODUCTS_DIR; };
		88EB7D1220DCE471006E91FD /* main.c */ = {isa = PBXFileReference; lastKnownFileType = sourcecode.c.c; path = main.c; sourceTree = "<group>"; };
		88EB7D4320DCE533006E91FD /* common.h */ = {isa = PBXFileReference; lastKnownFileType = sourcecode.c.h; path = common.h; sourceTree = "<group>"; };
		88EB7D7020DF76A8006E91FD /* heap.h */ = {isa = PBXFileReference; lastKnownFileType = sourcecode.c.h; path = heap.h; sourceTree = "<group>"; };
		88EB7D7120DF76A8006E91FD /* heap.c */ = {isa = PBXFileReference; lastKnownFileType = sourcecode.c.c; path = heap.c; sourceTree = "<group>"; };
		88EB7D7620DF9A90006E91FD /* dungeon.h */ = {isa = PBXFileReference; lastKnownFileType = sourcecode.c.h; path = dungeon.h; sourceTree = "<group>"; };
		88EB7D7720DF9A90006E91FD /* dungeon.c */ = {isa = PBXFileReference; lastKnownFileType = sourcecode.c.c; path = dungeon.c; sourceTree = "<group>"; };
/* End PBXFileReference section */

/* Begin PBXFrameworksBuildPhase section */
		88EB7D0C20DCE471006E91FD /* Frameworks */ = {
			isa = PBXFrameworksBuildPhase;
			buildActionMask = 2147483647;
			files = (
			);
			runOnlyForDeploymentPostprocessing = 0;
		};
/* End PBXFrameworksBuildPhase section */

/* Begin PBXGroup section */
		88EB7D0620DCE471006E91FD = {
			isa = PBXGroup;
			children = (
				88EB7D1120DCE471006E91FD /* roguelike */,
				88EB7D1020DCE471006E91FD /* Products */,
			);
			sourceTree = "<group>";
		};
		88EB7D1020DCE471006E91FD /* Products */ = {
			isa = PBXGroup;
			children = (
				88EB7D0F20DCE471006E91FD /* roguelike */,
			);
			name = Products;
			sourceTree = "<group>";
		};
		88EB7D1120DCE471006E91FD /* roguelike */ = {
			isa = PBXGroup;
			children = (
				88CC7A1A210E3D7400392B08 /* graphics.c */,
				88CC7A1B210E3D7400392B08 /* graphics.h */,
				88C4962F20E7A50D004A6FAF /* threads.h */,
				88C4963020E7A51A004A6FAF /* threads.c */,
				88EB7D4320DCE533006E91FD /* common.h */,
				88EB7D1220DCE471006E91FD /* main.c */,
				88EB7D7020DF76A8006E91FD /* heap.h */,
				88EB7D7120DF76A8006E91FD /* heap.c */,
				88EB7D7620DF9A90006E91FD /* dungeon.h */,
				88EB7D7720DF9A90006E91FD /* dungeon.c */,
			);
			path = roguelike;
			sourceTree = "<group>";
		};
/* End PBXGroup section */

/* Begin PBXNativeTarget section */
		88EB7D0E20DCE471006E91FD /* roguelike */ = {
			isa = PBXNativeTarget;
			buildConfigurationList = 88EB7D1620DCE471006E91FD /* Build configuration list for PBXNativeTarget "roguelike" */;
			buildPhases = (
				88EB7D0B20DCE471006E91FD /* Sources */,
				88EB7D0C20DCE471006E91FD /* Frameworks */,
				88EB7D0D20DCE471006E91FD /* CopyFiles */,
			);
			buildRules = (
			);
			dependencies = (
			);
			name = roguelike;
			productName = roguelike;
			productReference = 88EB7D0F20DCE471006E91FD /* roguelike */;
			productType = "com.apple.product-type.tool";
		};
/* End PBXNativeTarget section */

/* Begin PBXProject section */
		88EB7D0720DCE471006E91FD /* Project object */ = {
			isa = PBXProject;
			attributes = {
				LastUpgradeCheck = 0940;
				ORGANIZATIONNAME = "Rory B. Bellows";
				TargetAttributes = {
					88EB7D0E20DCE471006E91FD = {
						CreatedOnToolsVersion = 9.4;
					};
				};
			};
			buildConfigurationList = 88EB7D0A20DCE471006E91FD /* Build configuration list for PBXProject "roguelike" */;
			compatibilityVersion = "Xcode 9.3";
			developmentRegion = en;
			hasScannedForEncodings = 0;
			knownRegions = (
				en,
			);
			mainGroup = 88EB7D0620DCE471006E91FD;
			productRefGroup = 88EB7D1020DCE471006E91FD /* Products */;
			projectDirPath = "";
			projectRoot = "";
			targets = (
				88EB7D0E20DCE471006E91FD /* roguelike */,
			);
		};
/* End PBXProject section */

/* Begin PBXSourcesBuildPhase section */
		88EB7D0B20DCE471006E91FD /* Sources */ = {
			isa = PBXSourcesBuildPhase;
			buildActionMask = 2147483647;
			files = (
				88CC7A1C210E3D7500392B08 /* graphics.c in Sources */,
				88EB7D7220DF76A8006E91FD /* heap.c in Sources */,
				88EB7D7820DF9A90006E91FD /* dungeon.c in Sources */,
				88C4963120E7A51A004A6FAF /* threads.c in Sources */,
				88EB7D1320DCE471006E91FD /* main.c in Sources */,
			);
			runOnlyForDeploymentPostprocessing = 0;
		};
/* End PBXSourcesBuildPhase section */

/* Begin XCBuildConfiguration section */
		88EB7D1420DCE471006E91FD /* Debug */ = {
			isa = XCBuildConfiguration;
			buildSettings = {
				ALWAYS_SEARCH_USER_PATHS = NO;
				CLANG_ANALYZER_NONNULL = YES;
				CLANG_ANALYZER_NUMBER_OBJECT_CONVERSION = YES_AGGRESSIVE;
				CLANG_CXX_LANGUAGE_STANDARD = "gnu++14";
				CLANG_CXX_LIBRARY = "libc++";
				CLANG_ENABLE_MODULES = YES;
				CLANG_ENABLE_OBJC_ARC = YES;
				CLANG_ENABLE_OBJC_WEAK = YES;
				CLANG_WARN_BLOCK_CAPTURE_AUTORELEASING = YES;
				CLANG_WARN_BOOL_CONVERSION = YES;
				CLANG_WARN_COMMA = YES;
				CLANG_WARN_CONSTANT_CONVERSION = YES;
				CLANG_WARN_DEPRECATED_OBJC_IMPLEMENTATIONS = YES;
				CLANG_WARN_DIRECT_OBJC_ISA_USAGE = YES_ERROR;
				CLANG_WARN_DOCUMENTATION_COMMENTS = YES;
				CLANG_WARN_EMPTY_BODY = YES;
				CLANG_WARN_ENUM_CONVERSION = YES;
				CLANG_WARN_INFINITE_RECURSION = YES;
				CLANG_WARN_INT_CONVERSION = YES;
				CLANG_WARN_NON_LITERAL_NULL_CONVERSION = YES;
				CLANG_WARN_OBJC_IMPLICIT_RETAIN_SELF = YES;
				CLANG_WARN_OBJC_LITERAL_CONVERSION = YES;
				CLANG_WARN_OBJC_ROOT_CLASS = YES_ERROR;
				CLANG_WARN_RANGE_LOOP_ANALYSIS = YES;
				CLANG_WARN_STRICT_PROTOTYPES = YES;
				CLANG_WARN_SUSPICIOUS_MOVE = YES;
				CLANG_WARN_UNGUARDED_AVAILABILITY = YES_AGGRESSIVE;
				CLANG_WARN_UNREACHABLE_CODE = YES;
				CLANG_WARN__DUPLICATE_METHOD_MATCH = YES;
				CODE_SIGN_IDENTITY = "-";
				COPY_PHASE_STRIP = NO;
				DEBUG_INFORMATION_FORMAT = dwarf;
				ENABLE_STRICT_OBJC_MSGSEND = YES;
				ENABLE_TESTABILITY = YES;
				GCC_C_LANGUAGE_STANDARD = gnu11;
				GCC_DYNAMIC_NO_PIC = NO;
				GCC_NO_COMMON_BLOCKS = YES;
				GCC_OPTIMIZATION_LEVEL = 0;
				GCC_PREPROCESSOR_DEFINITIONS = (
					"DEBUG=1",
					"$(inherited)",
				);
				GCC_WARN_64_TO_32_BIT_CONVERSION = YES;
				GCC_WARN_ABOUT_RETURN_TYPE = YES_ERROR;
				GCC_WARN_UNDECLARED_SELECTOR = YES;
				GCC_WARN_UNINITIALIZED_AUTOS = YES_AGGRESSIVE;
				GCC_WARN_UNUSED_FUNCTION = YES;
				GCC_WARN_UNUSED_VARIABLE = YES;
				MACOSX_DEPLOYMENT_TARGET = 10.13;
				MTL_ENABLE_DEBUG_INFO = YES;
				ONLY_ACTIVE_ARCH = YES;
				SDKROOT = macosx;
			};
			name = Debug;
		};
		88EB7D1520DCE471006E91FD /* Release */ = {
			isa = XCBuildConfiguration;
			buildSettings = {
				ALWAYS_SEARCH_USER_PATHS = NO;
				CLANG_ANALYZER_NONNULL = YES;
				CLANG_ANALYZER_NUMBER_OBJECT_CONVERSION = YES_AGGRESSIVE;
				CLANG_CXX_LANGUAGE_STANDARD = "gnu++14";
				CLANG_CXX_LIBRARY = "libc++";
				CLANG_ENABLE_MODULES = YES;
				CLANG_ENABLE_OBJC_ARC = YES;
				CLANG_ENABLE_OBJC_WEAK = YES;
				CLANG_WARN_BLOCK_CAPTURE_AUTORELEASING = YES;
				CLANG_WARN_BOOL_CONVERSION = YES;
				CLANG_WARN_COMMA = YES;
				CLANG_WARN_CONSTANT_CONVERSION = YES;
				CLANG_WARN_DEPRECATED_OBJC_IMPLEMENTATIONS = YES;
				CLANG_WARN_DIRECT_OBJC_ISA_USAGE = YES_ERROR;
				CLANG_WARN_DOCUMENTATION_COMMENTS = YES;
				CLANG_WARN_EMPTY_BODY = YES;
				CLANG_WARN_ENUM_CONVERSION = YES;
				CLANG_WARN_INFINITE_RECURSION = YES;
				CLANG_WARN_INT_CONVERSION = YES;
				CLANG_WARN_NON_LITERAL_NULL_CONVERSION = YES;
				CLANG_WARN_OBJC_IMPLICIT_RETAIN_SELF = YES;
				CLANG_WARN_OBJC_LITERAL_CONVERSION = YES;
				CLANG_WARN_OBJC_ROOT_CLASS = YES_ERROR;
				CLANG_WARN_RANGE_LOOP_ANALYSIS = YES;
				CLANG_WARN_STRICT_PROTOTYPES = YES;
				CLANG_WARN_SUSPICIOUS_MOVE = YES;
				CLANG_WARN_UNGUARDED_AVAILABILITY = YES_AGGRESSIVE;
				CLANG_WARN_UNREACHABLE_CODE = YES;
				CLANG_WARN__DUPLICATE_METHOD_MATCH = YES;
				CODE_SIGN_IDENTITY = "-";
				COPY_PHASE_STRIP = NO;
				DEBUG_INFORMATION_FORMAT = "dwarf-with-dsym";
				ENABLE_NS_ASSERTIONS = NO;
				ENABLE_STRICT_OBJC_MSGSEND = YES;
				GCC_C_LANGUAGE_STANDARD = gnu11;
				GCC_NO_COMMON_BLOCKS = YES;
				GCC_WARN_64_TO_32_BIT_CONVERSION = YES;
				GCC_WARN_ABOUT_RETURN_TYPE = YES_ERROR;
				GCC_WARN_UNDECLARED_SELECTOR = YES;
				GCC_WARN_UNINITIALIZED_AUTOS = YES_AGGRESSIVE;
				GCC_WARN_UNUSED_FUNCTION = YES;
				GCC_WARN_UNUSED_VARIABLE = YES;
				MACOSX_DEPLOYMENT_TARGET = 10.13;
				MTL_ENABLE_DEBUG_INFO = NO;
				SDKROOT = macosx;
			};
			name = Release;
		};
		88EB7D1720DCE471006E91FD /* Debug */ = {
			isa = XCBuildConfiguration;
			buildSettings = {
				CODE_SIGN_STYLE = Automatic;
				GCC_PREPROCESSOR_DEFINITIONS = (
					"DEBUG=1",
					"$(inherited)",
				);
				PRODUCT_NAME = "$(TARGET_NAME)";
			};
			name = Debug;
		};
		88EB7D1820DCE471006E91FD /* Release */ = {
			isa = XCBuildConfiguration;
			buildSettings = {
				CODE_SIGN_STYLE = Automatic;
				PRODUCT_NAME = "$(TARGET_NAME)";
			};
			name = Release;
		};
/* End XCBuildConfiguration section */

/* Begin XCConfigurationList section */
		88EB7D0A20DCE471006E91FD /* Build configuration list for PBXProject "roguelike" */ = {
			isa = XCConfigurationList;
			buildConfigurations = (
				88EB7D1420DCE471006E91FD /* Debug */,
				88EB7D1520DCE471006E91FD /* Release */,
			);
			defaultConfigurationIsVisible = 0;
			defaultConfigurationName = Release;
		};
		88EB7D1620DCE471006E91FD /* Build configuration list for PBXNativeTarget "roguelike" */ = {
			isa = XCConfigurationList;
			buildConfigurations = (
				88EB7D1720DCE471006E91FD /* Debug */,
				88EB7D1820DCE471006E91FD /* Release */,
			);
			defaultConfigurationIsVisible = 0;
			defaultConfigurationName = Release;
		};
/* End XCConfigurationList section */
	};
	rootObject = 88EB7D0720DCE471006E91FD /* Project object */;
}
